PODS:
  - appsflyer-apple-sdk-qa (7.0.0.35704255):
    - appsflyer-apple-sdk-qa/Main (= 7.0.0.35704255)
  - appsflyer-apple-sdk-qa/Main (7.0.0.35704255)

DEPENDENCIES:
  - appsflyer-apple-sdk-qa (= 7.0.0.35704255)

SPEC REPOS:
  trunk:
    - appsflyer-apple-sdk-qa

SPEC CHECKSUMS:
  appsflyer-apple-sdk-qa: 8305ee27b951975812a06445f781448646358698

PODFILE CHECKSUM: 028e9efdc50076a10df89683467bfb51aff7fa93

COCOAPODS: 1.16.2
